
Microsoft Visual Studio Solution File, Format Version 12.00
Project("{FAE04EC0-301F-11D3-BF4B-00C04F79EFBC}") = "Prologue", "src\Prologue\Prologue.csproj", "{BE7905F4-2709-4F50-BC20-41E2E13CDC6D}"
EndProject
Global
	GlobalSection(SolutionConfigurationPlatforms) = preSolution
		Debug|Any CPU = Debug|Any CPU
		Release|Any CPU = Release|Any CPU
	EndGlobalSection
	GlobalSection(ProjectConfigurationPlatforms) = postSolution
		{BE7905F4-2709-4F50-BC20-41E2E13CDC6D}.Debug|Any CPU.ActiveCfg = Debug|Any CPU
		{BE7905F4-2709-4F50-BC20-41E2E13CDC6D}.Debug|Any CPU.Build.0 = Debug|Any CPU
		{BE7905F4-2709-4F50-BC20-41E2E13CDC6D}.Release|Any CPU.ActiveCfg = Release|Any CPU
		{BE7905F4-2709-4F50-BC20-41E2E13CDC6D}.Release|Any CPU.Build.0 = Release|Any CPU
	EndGlobalSection
EndGlobal
